// !$*UTF8*$!
{
	archiveVersion = 1;
	classes = {
	};
	objectVersion = 77;
	objects = {

/* Begin PBXBuildFile section */
		A1B2C3D42FE0000000000014 /* Intersector Watch App.app in Embed Watch Content */ = {isa = PBXBuildFile; fileRef = A1B2C3D42FE0000000000002 /* Intersector Watch App.app */; settings = {ATTRIBUTES = (RemoveHeadersOnCopy, ); }; };
/* End PBXBuildFile section */

/* Begin PBXContainerItemProxy section */
		82E831AC2FD62E4400071B9D /* PBXContainerItemProxy */ = {
			isa = PBXContainerItemProxy;
			containerPortal = 82E831962FD62E4300071B9D /* Project object */;
			proxyType = 1;
			remoteGlobalIDString = 82E8319D2FD62E4300071B9D;
			remoteInfo = Intersector;
		};
		82E831B62FD62E4400071B9D /* PBXContainerItemProxy */ = {
			isa = PBXContainerItemProxy;
			containerPortal = 82E831962FD62E4300071B9D /* Project object */;
			proxyType = 1;
			remoteGlobalIDString = 82E8319D2FD62E4300071B9D;
			remoteInfo = Intersector;
		};
		A1B2C3D42FE0000000000015 /* PBXContainerItemProxy */ = {
			isa = PBXContainerItemProxy;
			containerPortal = 82E831962FD62E4300071B9D /* Project object */;
			proxyType = 1;
			remoteGlobalIDString = A1B2C3D42FE0000000000001;
			remoteInfo = "Intersector Watch App";
		};
/* End PBXContainerItemProxy section */

/* Begin PBXCopyFilesBuildPhase section */
		A1B2C3D42FE0000000000017 /* Embed Watch Content */ = {
			isa = PBXCopyFilesBuildPhase;
			buildActionMask = 2147483647;
			dstPath = "$(CONTENTS_FOLDER_PATH)/Watch";
			dstSubfolderSpec = 16;
			files = (
				A1B2C3D42FE0000000000014 /* Intersector Watch App.app in Embed Watch Content */,
			);
			name = "Embed Watch Content";
			runOnlyForDeploymentPostprocessing = 0;
		};
/* End PBXCopyFilesBuildPhase section */

/* Begin PBXFileReference section */
		82E8319E2FD62E4300071B9D /* Intersector.app */ = {isa = PBXFileReference; explicitFileType = wrapper.application; includeInIndex = 0; path = Intersector.app; sourceTree = BUILT_PRODUCTS_DIR; };
		82E831AB2FD62E4400071B9D /* IntersectorTests.xctest */ = {isa = PBXFileReference; explicitFileType = wrapper.cfbundle; includeInIndex = 0; path = IntersectorTests.xctest; sourceTree = BUILT_PRODUCTS_DIR; };
		82E831B52FD62E4400071B9D /* IntersectorUITests.xctest */ = {isa = PBXFileReference; explicitFileType = wrapper.cfbundle; includeInIndex = 0; path = IntersectorUITests.xctest; sourceTree = BUILT_PRODUCTS_DIR; };
		A1B2C3D42FE0000000000002 /* Intersector Watch App.app */ = {isa = PBXFileReference; explicitFileType = wrapper.application; includeInIndex = 0; path = "Intersector Watch App.app"; sourceTree = BUILT_PRODUCTS_DIR; };
/* End PBXFileReference section */

/* Begin PBXFileSystemSynchronizedRootGroup section */
		82E831A02FD62E4300071B9D /* crossStreet */ = {
			isa = PBXFileSystemSynchronizedRootGroup;
			path = crossStreet;
			sourceTree = "<group>";
		};
		82E831AE2FD62E4400071B9D /* crossStreetTests */ = {
			isa = PBXFileSystemSynchronizedRootGroup;
			path = crossStreetTests;
			sourceTree = "<group>";
		};
		82E831B82FD62E4400071B9D /* crossStreetUITests */ = {
			isa = PBXFileSystemSynchronizedRootGroup;
			path = crossStreetUITests;
			sourceTree = "<group>";
		};
		A1B2C3D42FE0000000000003 /* IntersectorWatch */ = {
			isa = PBXFileSystemSynchronizedRootGroup;
			path = IntersectorWatch;
			sourceTree = "<group>";
		};
/* End PBXFileSystemSynchronizedRootGroup section */

/* Begin PBXFrameworksBuildPhase section */
		82E8319B2FD62E4300071B9D /* Frameworks */ = {
			isa = PBXFrameworksBuildPhase;
			buildActionMask = 2147483647;
			files = (
			);
			runOnlyForDeploymentPostprocessing = 0;
		};
		82E831A82FD62E4400071B9D /* Frameworks */ = {
			isa = PBXFrameworksBuildPhase;
			buildActionMask = 2147483647;
			files = (
			);
			runOnlyForDeploymentPostprocessing = 0;
		};
		82E831B22FD62E4400071B9D /* Frameworks */ = {
			isa = PBXFrameworksBuildPhase;
			buildActionMask = 2147483647;
			files = (
			);
			runOnlyForDeploymentPostprocessing = 0;
		};
		A1B2C3D42FE0000000000004 /* Frameworks */ = {
			isa = PBXFrameworksBuildPhase;
			buildActionMask = 2147483647;
			files = (
			);
			runOnlyForDeploymentPostprocessing = 0;
		};
/* End PBXFrameworksBuildPhase section */

/* Begin PBXGroup section */
		82E831952FD62E4300071B9D = {
			isa = PBXGroup;
			children = (
				82E831A02FD62E4300071B9D /* crossStreet */,
				A1B2C3D42FE0000000000003 /* IntersectorWatch */,
				82E831AE2FD62E4400071B9D /* crossStreetTests */,
				82E831B82FD62E4400071B9D /* crossStreetUITests */,
				82E8319F2FD62E4300071B9D /* Products */,
			);
			sourceTree = "<group>";
		};
		82E8319F2FD62E4300071B9D /* Products */ = {
			isa = PBXGroup;
			children = (
				82E8319E2FD62E4300071B9D /* Intersector.app */,
				A1B2C3D42FE0000000000002 /* Intersector Watch App.app */,
				82E831AB2FD62E4400071B9D /* IntersectorTests.xctest */,
				82E831B52FD62E4400071B9D /* IntersectorUITests.xctest */,
			);
			name = Products;
			sourceTree = "<group>";
		};
/* End PBXGroup section */

/* Begin PBXNativeTarget section */
		82E8319D2FD62E4300071B9D /* Intersector */ = {
			isa = PBXNativeTarget;
			buildConfigurationList = 82E831BF2FD62E4400071B9D /* Build configuration list for PBXNativeTarget "Intersector" */;
			buildPhases = (
				82E8319A2FD62E4300071B9D /* Sources */,
				82E8319B2FD62E4300071B9D /* Frameworks */,
				82E8319C2FD62E4300071B9D /* Resources */,
				A1B2C3D42FE0000000000017 /* Embed Watch Content */,
			);
			buildRules = (
			);
			dependencies = (
				A1B2C3D42FE0000000000016 /* PBXTargetDependency */,
			);
			fileSystemSynchronizedGroups = (
				82E831A02FD62E4300071B9D /* crossStreet */,
			);
			name = Intersector;
			packageProductDependencies = (
			);
			productName = Intersector;
			productReference = 82E8319E2FD62E4300071B9D /* Intersector.app */;
			productType = "com.apple.product-type.application";
		};
		82E831AA2FD62E4400071B9D /* IntersectorTests */ = {
			isa = PBXNativeTarget;
			buildConfigurationList = 82E831C22FD62E4400071B9D /* Build configuration list for PBXNativeTarget "IntersectorTests" */;
			buildPhases = (
				82E831A72FD62E4400071B9D /* Sources */,
				82E831A82FD62E4400071B9D /* Frameworks */,
				82E831A92FD62E4400071B9D /* Resources */,
			);
			buildRules = (
			);
			dependencies = (
				82E831AD2FD62E4400071B9D /* PBXTargetDependency */,
			);
			fileSystemSynchronizedGroups = (
				82E831AE2FD62E4400071B9D /* crossStreetTests */,
			);
			name = IntersectorTests;
			packageProductDependencies = (
			);
			productName = IntersectorTests;
			productReference = 82E831AB2FD62E4400071B9D /* IntersectorTests.xctest */;
			productType = "com.apple.product-type.bundle.unit-test";
		};
		82E831B42FD62E4400071B9D /* IntersectorUITests */ = {
			isa = PBXNativeTarget;
			buildConfigurationList = 82E831C52FD62E4400071B9D /* Build configuration list for PBXNativeTarget "IntersectorUITests" */;
			buildPhases = (
				82E831B12FD62E4400071B9D /* Sources */,
				82E831B22FD62E4400071B9D /* Frameworks */,
				82E831B32FD62E4400071B9D /* Resources */,
			);
			buildRules = (
			);
			dependencies = (
				82E831B72FD62E4400071B9D /* PBXTargetDependency */,
			);
			fileSystemSynchronizedGroups = (
				82E831B82FD62E4400071B9D /* crossStreetUITests */,
			);
			name = IntersectorUITests;
			packageProductDependencies = (
			);
			productName = IntersectorUITests;
			productReference = 82E831B52FD62E4400071B9D /* IntersectorUITests.xctest */;
			productType = "com.apple.product-type.bundle.ui-testing";
		};
		A1B2C3D42FE0000000000001 /* Intersector Watch App */ = {
			isa = PBXNativeTarget;
			buildConfigurationList = A1B2C3D42FE0000000000012 /* Build configuration list for PBXNativeTarget "Intersector Watch App" */;
			buildPhases = (
				A1B2C3D42FE0000000000006 /* Sources */,
				A1B2C3D42FE0000000000004 /* Frameworks */,
				A1B2C3D42FE0000000000005 /* Resources */,
			);
			buildRules = (
			);
			dependencies = (
			);
			fileSystemSynchronizedGroups = (
				A1B2C3D42FE0000000000003 /* IntersectorWatch */,
			);
			name = "Intersector Watch App";
			packageProductDependencies = (
			);
			productName = "Intersector Watch App";
			productReference = A1B2C3D42FE0000000000002 /* Intersector Watch App.app */;
			productType = "com.apple.product-type.application";
		};
/* End PBXNativeTarget section */

/* Begin PBXProject section */
		82E831962FD62E4300071B9D /* Project object */ = {
			isa = PBXProject;
			attributes = {
				BuildIndependentTargetsInParallel = 1;
				LastSwiftUpdateCheck = 2650;
				LastUpgradeCheck = 2650;
				TargetAttributes = {
					82E8319D2FD62E4300071B9D = {
						CreatedOnToolsVersion = 26.5;
					};
					82E831AA2FD62E4400071B9D = {
						CreatedOnToolsVersion = 26.5;
						TestTargetID = 82E8319D2FD62E4300071B9D;
					};
					82E831B42FD62E4400071B9D = {
						CreatedOnToolsVersion = 26.5;
						TestTargetID = 82E8319D2FD62E4300071B9D;
					};
					A1B2C3D42FE0000000000001 = {
						CreatedOnToolsVersion = 26.5;
					};
				};
			};
			buildConfigurationList = 82E831992FD62E4300071B9D /* Build configuration list for PBXProject "crossStreet" */;
			developmentRegion = en;
			hasScannedForEncodings = 0;
			knownRegions = (
				en,
				Base,
			);
			mainGroup = 82E831952FD62E4300071B9D;
			minimizedProjectReferenceProxies = 1;
			preferredProjectObjectVersion = 77;
			productRefGroup = 82E8319F2FD62E4300071B9D /* Products */;
			projectDirPath = "";
			projectRoot = "";
			targets = (
				82E8319D2FD62E4300071B9D /* Intersector */,
				A1B2C3D42FE0000000000001 /* Intersector Watch App */,
				82E831AA2FD62E4400071B9D /* IntersectorTests */,
				82E831B42FD62E4400071B9D /* IntersectorUITests */,
			);
		};
/* End PBXProject section */

/* Begin PBXResourcesBuildPhase section */
		82E8319C2FD62E4300071B9D /* Resources */ = {
			isa = PBXResourcesBuildPhase;
			buildActionMask = 2147483647;
			files = (
			);
			runOnlyForDeploymentPostprocessing = 0;
		};
		82E831A92FD62E4400071B9D /* Resources */ = {
			isa = PBXResourcesBuildPhase;
			buildActionMask = 2147483647;
			files = (
			);
			runOnlyForDeploymentPostprocessing = 0;
		};
		82E831B32FD62E4400071B9D /* Resources */ = {
			isa = PBXResourcesBuildPhase;
			buildActionMask = 2147483647;
			files = (
			);
			runOnlyForDeploymentPostprocessing = 0;
		};
		A1B2C3D42FE0000000000005 /* Resources */ = {
			isa = PBXResourcesBuildPhase;
			buildActionMask = 2147483647;
			files = (
			);
			runOnlyForDeploymentPostprocessing = 0;
		};
/* End PBXResourcesBuildPhase section */

/* Begin PBXSourcesBuildPhase section */
		82E8319A2FD62E4300071B9D /* Sources */ = {
			isa = PBXSourcesBuildPhase;
			buildActionMask = 2147483647;
			files = (
			);
			runOnlyForDeploymentPostprocessing = 0;
		};
		82E831A72FD62E4400071B9D /* Sources */ = {
			isa = PBXSourcesBuildPhase;
			buildActionMask = 2147483647;
			files = (
			);
			runOnlyForDeploymentPostprocessing = 0;
		};
		82E831B12FD62E4400071B9D /* Sources */ = {
			isa = PBXSourcesBuildPhase;
			buildActionMask = 2147483647;
			files = (
			);
			runOnlyForDeploymentPostprocessing = 0;
		};
		A1B2C3D42FE0000000000006 /* Sources */ = {
			isa = PBXSourcesBuildPhase;
			buildActionMask = 2147483647;
			files = (
			);
			runOnlyForDeploymentPostprocessing = 0;
		};
/* End PBXSourcesBuildPhase section */

/* Begin PBXTargetDependency section */
		82E831AD2FD62E4400071B9D /* PBXTargetDependency */ = {
			isa = PBXTargetDependency;
			target = 82E8319D2FD62E4300071B9D /* Intersector */;
			targetProxy = 82E831AC2FD62E4400071B9D /* PBXContainerItemProxy */;
		};
		82E831B72FD62E4400071B9D /* PBXTargetDependency */ = {
			isa = PBXTargetDependency;
			target = 82E8319D2FD62E4300071B9D /* Intersector */;
			targetProxy = 82E831B62FD62E4400071B9D /* PBXContainerItemProxy */;
		};
		A1B2C3D42FE0000000000016 /* PBXTargetDependency */ = {
			isa = PBXTargetDependency;
			target = A1B2C3D42FE0000000000001 /* Intersector Watch App */;
			targetProxy = A1B2C3D42FE0000000000015 /* PBXContainerItemProxy */;
		};
/* End PBXTargetDependency section */

/* Begin XCBuildConfiguration section */
		82E831BD2FD62E4400071B9D /* Debug */ = {
			isa = XCBuildConfiguration;
			buildSettings = {
				ALWAYS_SEARCH_USER_PATHS = NO;
				ASSETCATALOG_COMPILER_GENERATE_SWIFT_ASSET_SYMBOL_EXTENSIONS = YES;
				CLANG_ANALYZER_NONNULL = YES;
				CLANG_ANALYZER_NUMBER_OBJECT_CONVERSION = YES_AGGRESSIVE;
				CLANG_CXX_LANGUAGE_STANDARD = "gnu++20";
				CLANG_ENABLE_MODULES = YES;
				CLANG_ENABLE_OBJC_ARC = YES;
				CLANG_ENABLE_OBJC_WEAK = YES;
				CLANG_WARN_BLOCK_CAPTURE_AUTORELEASING = YES;
				CLANG_WARN_BOOL_CONVERSION = YES;
				CLANG_WARN_COMMA = YES;
				CLANG_WARN_CONSTANT_CONVERSION = YES;
				CLANG_WARN_DEPRECATED_OBJC_IMPLEMENTATIONS = YES;
				CLANG_WARN_DIRECT_OBJC_ISA_USAGE = YES_ERROR;
				CLANG_WARN_DOCUMENTATION_COMMENTS = YES;
				CLANG_WARN_EMPTY_BODY = YES;
				CLANG_WARN_ENUM_CONVERSION = YES;
				CLANG_WARN_INFINITE_RECURSION = YES;
				CLANG_WARN_INT_CONVERSION = YES;
				CLANG_WARN_NON_LITERAL_NULL_CONVERSION = YES;
				CLANG_WARN_OBJC_IMPLICIT_RETAIN_SELF = YES;
				CLANG_WARN_OBJC_LITERAL_CONVERSION = YES;
				CLANG_WARN_OBJC_ROOT_CLASS = YES_ERROR;
				CLANG_WARN_QUOTED_INCLUDE_IN_FRAMEWORK_HEADER = YES;
				CLANG_WARN_RANGE_LOOP_ANALYSIS = YES;
				CLANG_WARN_STRICT_PROTOTYPES = YES;
				CLANG_WARN_SUSPICIOUS_MOVE = YES;
				CLANG_WARN_UNGUARDED_AVAILABILITY = YES_AGGRESSIVE;
				CLANG_WARN_UNREACHABLE_CODE = YES;
				CLANG_WARN__DUPLICATE_METHOD_MATCH = YES;
				COPY_PHASE_STRIP = NO;
				DEBUG_INFORMATION_FORMAT = dwarf;
				DEVELOPMENT_TEAM = 4FL3XZDQ9P;
				ENABLE_STRICT_OBJC_MSGSEND = YES;
				ENABLE_TESTABILITY = YES;
				ENABLE_USER_SCRIPT_SANDBOXING = YES;
				GCC_C_LANGUAGE_STANDARD = gnu17;
				GCC_DYNAMIC_NO_PIC = NO;
				GCC_NO_COMMON_BLOCKS = YES;
				GCC_OPTIMIZATION_LEVEL = 0;
				GCC_PREPROCESSOR_DEFINITIONS = (
					"DEBUG=1",
					"$(inherited)",
				);
				GCC_WARN_64_TO_32_BIT_CONVERSION = YES;
				GCC_WARN_ABOUT_RETURN_TYPE = YES_ERROR;
				GCC_WARN_UNDECLARED_SELECTOR = YES;
				GCC_WARN_UNINITIALIZED_AUTOS = YES_AGGRESSIVE;
				GCC_WARN_UNUSED_FUNCTION = YES;
				GCC_WARN_UNUSED_VARIABLE = YES;
				IPHONEOS_DEPLOYMENT_TARGET = 17.6;
				LOCALIZATION_PREFERS_STRING_CATALOGS = YES;
				MTL_ENABLE_DEBUG_INFO = INCLUDE_SOURCE;
				MTL_FAST_MATH = YES;
				ONLY_ACTIVE_ARCH = YES;
				SDKROOT = iphoneos;
				SWIFT_ACTIVE_COMPILATION_CONDITIONS = "DEBUG $(inherited)";
				SWIFT_OPTIMIZATION_LEVEL = "-Onone";
			};
			name = Debug;
		};
		82E831BE2FD62E4400071B9D /* Release */ = {
			isa = XCBuildConfiguration;
			buildSettings = {
				ALWAYS_SEARCH_USER_PATHS = NO;
				ASSETCATALOG_COMPILER_GENERATE_SWIFT_ASSET_SYMBOL_EXTENSIONS = YES;
				CLANG_ANALYZER_NONNULL = YES;
				CLANG_ANALYZER_NUMBER_OBJECT_CONVERSION = YES_AGGRESSIVE;
				CLANG_CXX_LANGUAGE_STANDARD = "gnu++20";
				CLANG_ENABLE_MODULES = YES;
				CLANG_ENABLE_OBJC_ARC = YES;
				CLANG_ENABLE_OBJC_WEAK = YES;
				CLANG_WARN_BLOCK_CAPTURE_AUTORELEASING = YES;
				CLANG_WARN_BOOL_CONVERSION = YES;
				CLANG_WARN_COMMA = YES;
				CLANG_WARN_CONSTANT_CONVERSION = YES;
				CLANG_WARN_DEPRECATED_OBJC_IMPLEMENTATIONS = YES;
				CLANG_WARN_DIRECT_OBJC_ISA_USAGE = YES_ERROR;
				CLANG_WARN_DOCUMENTATION_COMMENTS = YES;
				CLANG_WARN_EMPTY_BODY = YES;
				CLANG_WARN_ENUM_CONVERSION = YES;
				CLANG_WARN_INFINITE_RECURSION = YES;
				CLANG_WARN_INT_CONVERSION = YES;
				CLANG_WARN_NON_LITERAL_NULL_CONVERSION = YES;
				CLANG_WARN_OBJC_IMPLICIT_RETAIN_SELF = YES;
				CLANG_WARN_OBJC_LITERAL_CONVERSION = YES;
				CLANG_WARN_OBJC_ROOT_CLASS = YES_ERROR;
				CLANG_WARN_QUOTED_INCLUDE_IN_FRAMEWORK_HEADER = YES;
				CLANG_WARN_RANGE_LOOP_ANALYSIS = YES;
				CLANG_WARN_STRICT_PROTOTYPES = YES;
				CLANG_WARN_SUSPICIOUS_MOVE = YES;
				CLANG_WARN_UNGUARDED_AVAILABILITY = YES_AGGRESSIVE;
				CLANG_WARN_UNREACHABLE_CODE = YES;
				CLANG_WARN__DUPLICATE_METHOD_MATCH = YES;
				COPY_PHASE_STRIP = NO;
				DEBUG_INFORMATION_FORMAT = "dwarf-with-dsym";
				DEVELOPMENT_TEAM = 4FL3XZDQ9P;
				ENABLE_NS_ASSERTIONS = NO;
				ENABLE_STRICT_OBJC_MSGSEND = YES;
				ENABLE_USER_SCRIPT_SANDBOXING = YES;
				GCC_C_LANGUAGE_STANDARD = gnu17;
				GCC_NO_COMMON_BLOCKS = YES;
				GCC_WARN_64_TO_32_BIT_CONVERSION = YES;
				GCC_WARN_ABOUT_RETURN_TYPE = YES_ERROR;
				GCC_WARN_UNDECLARED_SELECTOR = YES;
				GCC_WARN_UNINITIALIZED_AUTOS = YES_AGGRESSIVE;
				GCC_WARN_UNUSED_FUNCTION = YES;
				GCC_WARN_UNUSED_VARIABLE = YES;
				IPHONEOS_DEPLOYMENT_TARGET = 17.6;
				LOCALIZATION_PREFERS_STRING_CATALOGS = YES;
				MTL_ENABLE_DEBUG_INFO = NO;
				MTL_FAST_MATH = YES;
				SDKROOT = iphoneos;
				SWIFT_COMPILATION_MODE = wholemodule;
				VALIDATE_PRODUCT = YES;
			};
			name = Release;
		};
		82E831C02FD62E4400071B9D /* Debug */ = {
			isa = XCBuildConfiguration;
			buildSettings = {
				ASSETCATALOG_COMPILER_APPICON_NAME = AppIcon;
				ASSETCATALOG_COMPILER_GLOBAL_ACCENT_COLOR_NAME = AccentColor;
				CODE_SIGN_STYLE = Automatic;
				CURRENT_PROJECT_VERSION = 1;
				DEVELOPMENT_TEAM = 4FL3XZDQ9P;
				ENABLE_PREVIEWS = YES;
				GENERATE_INFOPLIST_FILE = YES;
				INFOPLIST_KEY_CFBundleDisplayName = Intersector;
				INFOPLIST_KEY_ITSAppUsesNonExemptEncryption = NO;
				INFOPLIST_KEY_LSApplicationCategoryType = "public.app-category.navigation";
				INFOPLIST_KEY_NSLocationWhenInUseUsageDescription = "Intersector uses your location to find nearby mapped intersections.";
				INFOPLIST_KEY_UIApplicationSceneManifest_Generation = YES;
				INFOPLIST_KEY_UIApplicationSupportsIndirectInputEvents = YES;
				INFOPLIST_KEY_UILaunchScreen_Generation = YES;
				INFOPLIST_KEY_UISupportedInterfaceOrientations_iPad = "UIInterfaceOrientationPortrait UIInterfaceOrientationPortraitUpsideDown UIInterfaceOrientationLandscapeLeft UIInterfaceOrientationLandscapeRight";
				INFOPLIST_KEY_UISupportedInterfaceOrientations_iPhone = "UIInterfaceOrientationPortrait UIInterfaceOrientationLandscapeLeft UIInterfaceOrientationLandscapeRight";
				IPHONEOS_DEPLOYMENT_TARGET = 17.6;
				LD_RUNPATH_SEARCH_PATHS = (
					"$(inherited)",
					"@executable_path/Frameworks",
				);
				MARKETING_VERSION = 1.2.3;
				PRODUCT_BUNDLE_IDENTIFIER = com.marconius.crossStreet;
				PRODUCT_NAME = "$(TARGET_NAME)";
				STRING_CATALOG_GENERATE_SYMBOLS = YES;
				SWIFT_APPROACHABLE_CONCURRENCY = YES;
				SWIFT_DEFAULT_ACTOR_ISOLATION = MainActor;
				SWIFT_EMIT_LOC_STRINGS = YES;
				SWIFT_UPCOMING_FEATURE_MEMBER_IMPORT_VISIBILITY = YES;
				SWIFT_VERSION = 5.0;
				TARGETED_DEVICE_FAMILY = "1,2";
			};
			name = Debug;
		};
		82E831C12FD62E4400071B9D /* Release */ = {
			isa = XCBuildConfiguration;
			buildSettings = {
				ASSETCATALOG_COMPILER_APPICON_NAME = AppIcon;
				ASSETCATALOG_COMPILER_GLOBAL_ACCENT_COLOR_NAME = AccentColor;
				CODE_SIGN_STYLE = Automatic;
				CURRENT_PROJECT_VERSION = 1;
				DEVELOPMENT_TEAM = 4FL3XZDQ9P;
				ENABLE_PREVIEWS = YES;
				GENERATE_INFOPLIST_FILE = YES;
				INFOPLIST_KEY_CFBundleDisplayName = Intersector;
				INFOPLIST_KEY_ITSAppUsesNonExemptEncryption = NO;
				INFOPLIST_KEY_LSApplicationCategoryType = "public.app-category.navigation";
				INFOPLIST_KEY_NSLocationWhenInUseUsageDescription = "Intersector uses your location to find nearby mapped intersections.";
				INFOPLIST_KEY_UIApplicationSceneManifest_Generation = YES;
				INFOPLIST_KEY_UIApplicationSupportsIndirectInputEvents = YES;
				INFOPLIST_KEY_UILaunchScreen_Generation = YES;
				INFOPLIST_KEY_UISupportedInterfaceOrientations_iPad = "UIInterfaceOrientationPortrait UIInterfaceOrientationPortraitUpsideDown UIInterfaceOrientationLandscapeLeft UIInterfaceOrientationLandscapeRight";
				INFOPLIST_KEY_UISupportedInterfaceOrientations_iPhone = "UIInterfaceOrientationPortrait UIInterfaceOrientationLandscapeLeft UIInterfaceOrientationLandscapeRight";
				IPHONEOS_DEPLOYMENT_TARGET = 17.6;
				LD_RUNPATH_SEARCH_PATHS = (
					"$(inherited)",
					"@executable_path/Frameworks",
				);
				MARKETING_VERSION = 1.2.3;
				PRODUCT_BUNDLE_IDENTIFIER = com.marconius.crossStreet;
				PRODUCT_NAME = "$(TARGET_NAME)";
				STRING_CATALOG_GENERATE_SYMBOLS = YES;
				SWIFT_APPROACHABLE_CONCURRENCY = YES;
				SWIFT_DEFAULT_ACTOR_ISOLATION = MainActor;
				SWIFT_EMIT_LOC_STRINGS = YES;
				SWIFT_UPCOMING_FEATURE_MEMBER_IMPORT_VISIBILITY = YES;
				SWIFT_VERSION = 5.0;
				TARGETED_DEVICE_FAMILY = "1,2";
			};
			name = Release;
		};
		82E831C32FD62E4400071B9D /* Debug */ = {
			isa = XCBuildConfiguration;
			buildSettings = {
				BUNDLE_LOADER = "$(TEST_HOST)";
				CODE_SIGN_STYLE = Automatic;
				CURRENT_PROJECT_VERSION = 1;
				DEVELOPMENT_TEAM = 4FL3XZDQ9P;
				GENERATE_INFOPLIST_FILE = YES;
				IPHONEOS_DEPLOYMENT_TARGET = 17.6;
				MARKETING_VERSION = 1.0;
				PRODUCT_BUNDLE_IDENTIFIER = com.marconius.crossStreetTests;
				PRODUCT_NAME = "$(TARGET_NAME)";
				STRING_CATALOG_GENERATE_SYMBOLS = NO;
				SWIFT_APPROACHABLE_CONCURRENCY = YES;
				SWIFT_EMIT_LOC_STRINGS = NO;
				SWIFT_UPCOMING_FEATURE_MEMBER_IMPORT_VISIBILITY = YES;
				SWIFT_VERSION = 5.0;
				TARGETED_DEVICE_FAMILY = "1,2";
				TEST_HOST = "$(BUILT_PRODUCTS_DIR)/Intersector.app/$(BUNDLE_EXECUTABLE_FOLDER_PATH)/Intersector";
			};
			name = Debug;
		};
		82E831C42FD62E4400071B9D /* Release */ = {
			isa = XCBuildConfiguration;
			buildSettings = {
				BUNDLE_LOADER = "$(TEST_HOST)";
				CODE_SIGN_STYLE = Automatic;
				CURRENT_PROJECT_VERSION = 1;
				DEVELOPMENT_TEAM = 4FL3XZDQ9P;
				GENERATE_INFOPLIST_FILE = YES;
				IPHONEOS_DEPLOYMENT_TARGET = 17.6;
				MARKETING_VERSION = 1.0;
				PRODUCT_BUNDLE_IDENTIFIER = com.marconius.crossStreetTests;
				PRODUCT_NAME = "$(TARGET_NAME)";
				STRING_CATALOG_GENERATE_SYMBOLS = NO;
				SWIFT_APPROACHABLE_CONCURRENCY = YES;
				SWIFT_EMIT_LOC_STRINGS = NO;
				SWIFT_UPCOMING_FEATURE_MEMBER_IMPORT_VISIBILITY = YES;
				SWIFT_VERSION = 5.0;
				TARGETED_DEVICE_FAMILY = "1,2";
				TEST_HOST = "$(BUILT_PRODUCTS_DIR)/Intersector.app/$(BUNDLE_EXECUTABLE_FOLDER_PATH)/Intersector";
			};
			name = Release;
		};
		82E831C62FD62E4400071B9D /* Debug */ = {
			isa = XCBuildConfiguration;
			buildSettings = {
				CODE_SIGN_STYLE = Automatic;
				CURRENT_PROJECT_VERSION = 1;
				DEVELOPMENT_TEAM = 4FL3XZDQ9P;
				GENERATE_INFOPLIST_FILE = YES;
				MARKETING_VERSION = 1.0;
				PRODUCT_BUNDLE_IDENTIFIER = com.marconius.crossStreetUITests;
				PRODUCT_NAME = "$(TARGET_NAME)";
				STRING_CATALOG_GENERATE_SYMBOLS = NO;
				SWIFT_APPROACHABLE_CONCURRENCY = YES;
				SWIFT_EMIT_LOC_STRINGS = NO;
				SWIFT_UPCOMING_FEATURE_MEMBER_IMPORT_VISIBILITY = YES;
				SWIFT_VERSION = 5.0;
				TARGETED_DEVICE_FAMILY = "1,2";
				TEST_TARGET_NAME = Intersector;
			};
			name = Debug;
		};
		82E831C72FD62E4400071B9D /* Release */ = {
			isa = XCBuildConfiguration;
			buildSettings = {
				CODE_SIGN_STYLE = Automatic;
				CURRENT_PROJECT_VERSION = 1;
				DEVELOPMENT_TEAM = 4FL3XZDQ9P;
				GENERATE_INFOPLIST_FILE = YES;
				MARKETING_VERSION = 1.0;
				PRODUCT_BUNDLE_IDENTIFIER = com.marconius.crossStreetUITests;
				PRODUCT_NAME = "$(TARGET_NAME)";
				STRING_CATALOG_GENERATE_SYMBOLS = NO;
				SWIFT_APPROACHABLE_CONCURRENCY = YES;
				SWIFT_EMIT_LOC_STRINGS = NO;
				SWIFT_UPCOMING_FEATURE_MEMBER_IMPORT_VISIBILITY = YES;
				SWIFT_VERSION = 5.0;
				TARGETED_DEVICE_FAMILY = "1,2";
				TEST_TARGET_NAME = Intersector;
			};
			name = Release;
		};
		A1B2C3D42FE0000000000011 /* Debug */ = {
			isa = XCBuildConfiguration;
			buildSettings = {
				ASSETCATALOG_COMPILER_APPICON_NAME = AppIcon;
				CODE_SIGN_STYLE = Automatic;
				CURRENT_PROJECT_VERSION = 1;
				DEVELOPMENT_TEAM = 4FL3XZDQ9P;
				ENABLE_PREVIEWS = YES;
				GENERATE_INFOPLIST_FILE = YES;
				INFOPLIST_KEY_CFBundleDisplayName = Intersector;
				INFOPLIST_KEY_ITSAppUsesNonExemptEncryption = NO;
				INFOPLIST_KEY_NSLocationWhenInUseUsageDescription = "Intersector uses your location to find nearby mapped intersections.";
				INFOPLIST_KEY_WKCompanionAppBundleIdentifier = com.marconius.crossStreet;
				LD_RUNPATH_SEARCH_PATHS = (
					"$(inherited)",
					"@executable_path/Frameworks",
				);
				MARKETING_VERSION = 1.2.3;
				PRODUCT_BUNDLE_IDENTIFIER = com.marconius.crossStreet.watchkitapp;
				PRODUCT_NAME = "$(TARGET_NAME)";
				SDKROOT = watchos;
				SKIP_INSTALL = YES;
				STRING_CATALOG_GENERATE_SYMBOLS = YES;
				SUPPORTED_PLATFORMS = "watchos watchsimulator";
				SWIFT_APPROACHABLE_CONCURRENCY = YES;
				SWIFT_DEFAULT_ACTOR_ISOLATION = MainActor;
				SWIFT_EMIT_LOC_STRINGS = YES;
				SWIFT_UPCOMING_FEATURE_MEMBER_IMPORT_VISIBILITY = YES;
				SWIFT_VERSION = 5.0;
				TARGETED_DEVICE_FAMILY = 4;
				WATCHOS_DEPLOYMENT_TARGET = 10.0;
			};
			name = Debug;
		};
		A1B2C3D42FE0000000000013 /* Release */ = {
			isa = XCBuildConfiguration;
			buildSettings = {
				ASSETCATALOG_COMPILER_APPICON_NAME = AppIcon;
				CODE_SIGN_STYLE = Automatic;
				CURRENT_PROJECT_VERSION = 1;
				DEVELOPMENT_TEAM = 4FL3XZDQ9P;
				ENABLE_PREVIEWS = YES;
				GENERATE_INFOPLIST_FILE = YES;
				INFOPLIST_KEY_CFBundleDisplayName = Intersector;
				INFOPLIST_KEY_ITSAppUsesNonExemptEncryption = NO;
				INFOPLIST_KEY_NSLocationWhenInUseUsageDescription = "Intersector uses your location to find nearby mapped intersections.";
				INFOPLIST_KEY_WKCompanionAppBundleIdentifier = com.marconius.crossStreet;
				LD_RUNPATH_SEARCH_PATHS = (
					"$(inherited)",
					"@executable_path/Frameworks",
				);
				MARKETING_VERSION = 1.2.3;
				PRODUCT_BUNDLE_IDENTIFIER = com.marconius.crossStreet.watchkitapp;
				PRODUCT_NAME = "$(TARGET_NAME)";
				SDKROOT = watchos;
				SKIP_INSTALL = YES;
				STRING_CATALOG_GENERATE_SYMBOLS = YES;
				SUPPORTED_PLATFORMS = "watchos watchsimulator";
				SWIFT_APPROACHABLE_CONCURRENCY = YES;
				SWIFT_DEFAULT_ACTOR_ISOLATION = MainActor;
				SWIFT_EMIT_LOC_STRINGS = YES;
				SWIFT_UPCOMING_FEATURE_MEMBER_IMPORT_VISIBILITY = YES;
				SWIFT_VERSION = 5.0;
				TARGETED_DEVICE_FAMILY = 4;
				WATCHOS_DEPLOYMENT_TARGET = 10.0;
			};
			name = Release;
		};
/* End XCBuildConfiguration section */

/* Begin XCConfigurationList section */
		82E831992FD62E4300071B9D /* Build configuration list for PBXProject "crossStreet" */ = {
			isa = XCConfigurationList;
			buildConfigurations = (
				82E831BD2FD62E4400071B9D /* Debug */,
				82E831BE2FD62E4400071B9D /* Release */,
			);
			defaultConfigurationIsVisible = 0;
			defaultConfigurationName = Release;
		};
		82E831BF2FD62E4400071B9D /* Build configuration list for PBXNativeTarget "Intersector" */ = {
			isa = XCConfigurationList;
			buildConfigurations = (
				82E831C02FD62E4400071B9D /* Debug */,
				82E831C12FD62E4400071B9D /* Release */,
			);
			defaultConfigurationIsVisible = 0;
			defaultConfigurationName = Release;
		};
		82E831C22FD62E4400071B9D /* Build configuration list for PBXNativeTarget "IntersectorTests" */ = {
			isa = XCConfigurationList;
			buildConfigurations = (
				82E831C32FD62E4400071B9D /* Debug */,
				82E831C42FD62E4400071B9D /* Release */,
			);
			defaultConfigurationIsVisible = 0;
			defaultConfigurationName = Release;
		};
		82E831C52FD62E4400071B9D /* Build configuration list for PBXNativeTarget "IntersectorUITests" */ = {
			isa = XCConfigurationList;
			buildConfigurations = (
				82E831C62FD62E4400071B9D /* Debug */,
				82E831C72FD62E4400071B9D /* Release */,
			);
			defaultConfigurationIsVisible = 0;
			defaultConfigurationName = Release;
		};
		A1B2C3D42FE0000000000012 /* Build configuration list for PBXNativeTarget "Intersector Watch App" */ = {
			isa = XCConfigurationList;
			buildConfigurations = (
				A1B2C3D42FE0000000000011 /* Debug */,
				A1B2C3D42FE0000000000013 /* Release */,
			);
			defaultConfigurationIsVisible = 0;
			defaultConfigurationName = Release;
		};
/* End XCConfigurationList section */
	};
	rootObject = 82E831962FD62E4300071B9D /* Project object */;
}
